
Microsoft Visual Studio Solution File, Format Version 12.00
# Visual Studio Version 16
VisualStudioVersion = 16.0.33927.289
MinimumVisualStudioVersion = 10.0.40219.1
Project("{FAE04EC0-301F-11D3-BF4B-00C04F79EFBC}") = "lab_03", "lab_03\lab_03.csproj", "{3C538E24-352F-4017-B451-B659B148D4E9}"
EndProject
Project("{FAE04EC0-301F-11D3-BF4B-00C04F79EFBC}") = "lab_03_02", "lab_03_02\lab_03_02.csproj", "{CB8E058D-0BFD-4DDF-816F-3B146DBF5C67}"
EndProject
Global
	GlobalSection(SolutionConfigurationPlatforms) = preSolution
		Debug|Any CPU = Debug|Any CPU
		Release|Any CPU = Release|Any CPU
	EndGlobalSection
	GlobalSection(ProjectConfigurationPlatforms) = postSolution
		{3C538E24-352F-4017-B451-B659B148D4E9}.Debug|Any CPU.ActiveCfg = Debug|Any CPU
		{3C538E24-352F-4017-B451-B659B148D4E9}.Debug|Any CPU.Build.0 = Debug|Any CPU
		{3C538E24-352F-4017-B451-B659B148D4E9}.Release|Any CPU.ActiveCfg = Release|Any CPU
		{3C538E24-352F-4017-B451-B659B148D4E9}.Release|Any CPU.Build.0 = Release|Any CPU
		{CB8E058D-0BFD-4DDF-816F-3B146DBF5C67}.Debug|Any CPU.ActiveCfg = Debug|Any CPU
		{CB8E058D-0BFD-4DDF-816F-3B146DBF5C67}.Debug|Any CPU.Build.0 = Debug|Any CPU
		{CB8E058D-0BFD-4DDF-816F-3B146DBF5C67}.Release|Any CPU.ActiveCfg = Release|Any CPU
		{CB8E058D-0BFD-4DDF-816F-3B146DBF5C67}.Release|Any CPU.Build.0 = Release|Any CPU
	EndGlobalSection
	GlobalSection(SolutionProperties) = preSolution
		HideSolutionNode = FALSE
	EndGlobalSection
	GlobalSection(ExtensibilityGlobals) = postSolution
		SolutionGuid = {B76A7FF4-D6BF-4B98-B6AC-6BA5692E8FB7}
	EndGlobalSection
EndGlobal
